{
  "name": "ajs_lib",
  "version": "1.0.0",
  "lockfileVersion": 3,
  "requires": true,
  "packages": {
    "": {
      "name": "ajs_lib",
      "version": "1.0.0",
      "license": "ISC",
      "dependencies": {
        "@andrejtop/ajs_1": "^1.0.0"
      }
    },
    "node_modules/@andrejtop/ajs_1": {
      "version": "1.0.0",
      "resolved": "https://npm.pkg.github.com/download/@andrejtop/ajs_1/1.0.0/4565a371d91dd54184ca9d1f67e5962588d37ff1",
      "integrity": "sha512-H9jE4EpHTMJYRU76e/FbEXAHHsHo+Za9gYCYSw8aTlx5/CZgoHhhyo1M7JGO1qMlZTr0eD7iowcvqBzzqUcJSA==",
      "license": "ISC"
    }
  }
}
